
Microsoft Visual Studio Solution File, Format Version 12.00
# Visual Studio 15
VisualStudioVersion = 15.0.28307.1321
MinimumVisualStudioVersion = 10.0.40219.1
Project("{FAE04EC0-301F-11D3-BF4B-00C04F79EFBC}") = "PS_269_Framework", "PS_269_Framework\PS_269_Framework.csproj", "{493551EF-3590-48E3-A58B-289128738929}"
EndProject
Global
	GlobalSection(SolutionConfigurationPlatforms) = preSolution
		Debug|Any CPU = Debug|Any CPU
		Release|Any CPU = Release|Any CPU
	EndGlobalSection
	GlobalSection(ProjectConfigurationPlatforms) = postSolution
		{493551EF-3590-48E3-A58B-289128738929}.Debug|Any CPU.ActiveCfg = Debug|Any CPU
		{493551EF-3590-48E3-A58B-289128738929}.Debug|Any CPU.Build.0 = Debug|Any CPU
		{493551EF-3590-48E3-A58B-289128738929}.Release|Any CPU.ActiveCfg = Release|Any CPU
		{493551EF-3590-48E3-A58B-289128738929}.Release|Any CPU.Build.0 = Release|Any CPU
	EndGlobalSection
	GlobalSection(SolutionProperties) = preSolution
		HideSolutionNode = FALSE
	EndGlobalSection
	GlobalSection(ExtensibilityGlobals) = postSolution
		SolutionGuid = {2E2CAD8F-B2B3-43A6-8D6A-795868AB549D}
	EndGlobalSection
EndGlobal
